// !$*UTF8*$!
{
	archiveVersion = 1;
	classes = {
	};
	objectVersion = 46;
	objects = {

/* Begin PBXBuildFile section */
		CB04A75F1C157C5200E1B242 /* StructStock.swift in Sources */ = {isa = PBXBuildFile; fileRef = CB04A75E1C157C5200E1B242 /* StructStock.swift */; };
		CB335D161C1198DC0064F442 /* Circle.swift in Sources */ = {isa = PBXBuildFile; fileRef = CB335D151C1198DC0064F442 /* Circle.swift */; };
		CB47330F1BE9C59600C76890 /* AppDelegate.swift in Sources */ = {isa = PBXBuildFile; fileRef = CB47330E1BE9C59600C76890 /* AppDelegate.swift */; };
		CB4733111BE9C59600C76890 /* ViewController.swift in Sources */ = {isa = PBXBuildFile; fileRef = CB4733101BE9C59600C76890 /* ViewController.swift */; };
		CB4733141BE9C59600C76890 /* Main.storyboard in Resources */ = {isa = PBXBuildFile; fileRef = CB4733121BE9C59600C76890 /* Main.storyboard */; };
		CB4733161BE9C59600C76890 /* Images.xcassets in Resources */ = {isa = PBXBuildFile; fileRef = CB4733151BE9C59600C76890 /* Images.xcassets */; };
		CB4733191BE9C59600C76890 /* LaunchScreen.xib in Resources */ = {isa = PBXBuildFile; fileRef = CB4733171BE9C59600C76890 /* LaunchScreen.xib */; };
		CB4733251BE9C59600C76890 /* HelloWorldTests.swift in Sources */ = {isa = PBXBuildFile; fileRef = CB4733241BE9C59600C76890 /* HelloWorldTests.swift */; };
		CB4BEC361BF08F8A005829BD /* MyClass.swift in Sources */ = {isa = PBXBuildFile; fileRef = CB4BEC351BF08F8A005829BD /* MyClass.swift */; };
		CB98D3D31C152B050044DE12 /* Bank.swift in Sources */ = {isa = PBXBuildFile; fileRef = CB98D3D21C152B050044DE12 /* Bank.swift */; };
		CB98D3D51C152DDF0044DE12 /* Human.swift in Sources */ = {isa = PBXBuildFile; fileRef = CB98D3D41C152DDF0044DE12 /* Human.swift */; };
		CB98D3D71C15508D0044DE12 /* GameProtocol.swift in Sources */ = {isa = PBXBuildFile; fileRef = CB98D3D61C15508D0044DE12 /* GameProtocol.swift */; };
		CB98D3D91C1550C40044DE12 /* MyGame.swift in Sources */ = {isa = PBXBuildFile; fileRef = CB98D3D81C1550C40044DE12 /* MyGame.swift */; };
		CB98D3DB1C1553E40044DE12 /* GameBase.swift in Sources */ = {isa = PBXBuildFile; fileRef = CB98D3DA1C1553E40044DE12 /* GameBase.swift */; };
		CB98D3DD1C1554810044DE12 /* ExtendGame.swift in Sources */ = {isa = PBXBuildFile; fileRef = CB98D3DC1C1554810044DE12 /* ExtendGame.swift */; };
		CB98D3E11C1556F50044DE12 /* ExMyClass.swift in Sources */ = {isa = PBXBuildFile; fileRef = CB98D3E01C1556F50044DE12 /* ExMyClass.swift */; };
		CB98D3E31C155F5F0044DE12 /* EnumSize.swift in Sources */ = {isa = PBXBuildFile; fileRef = CB98D3E21C155F5F0044DE12 /* EnumSize.swift */; };
		CB98D3E51C15628B0044DE12 /* EnumPrize.swift in Sources */ = {isa = PBXBuildFile; fileRef = CB98D3E41C15628B0044DE12 /* EnumPrize.swift */; };
		CB98D3E71C1565520044DE12 /* EnumColor.swift in Sources */ = {isa = PBXBuildFile; fileRef = CB98D3E61C1565520044DE12 /* EnumColor.swift */; };
		CB98D3E91C156B8A0044DE12 /* StructLine.swift in Sources */ = {isa = PBXBuildFile; fileRef = CB98D3E81C156B8A0044DE12 /* StructLine.swift */; };
/* End PBXBuildFile section */

/* Begin PBXContainerItemProxy section */
		CB47331F1BE9C59600C76890 /* PBXContainerItemProxy */ = {
			isa = PBXContainerItemProxy;
			containerPortal = CB4733011BE9C59600C76890 /* Project object */;
			proxyType = 1;
			remoteGlobalIDString = CB4733081BE9C59600C76890;
			remoteInfo = HelloWorld;
		};
/* End PBXContainerItemProxy section */

/* Begin PBXFileReference section */
		CB04A75E1C157C5200E1B242 /* StructStock.swift */ = {isa = PBXFileReference; fileEncoding = 4; lastKnownFileType = sourcecode.swift; path = StructStock.swift; sourceTree = "<group>"; };
		CB335D151C1198DC0064F442 /* Circle.swift */ = {isa = PBXFileReference; fileEncoding = 4; lastKnownFileType = sourcecode.swift; path = Circle.swift; sourceTree = "<group>"; };
		CB4733091BE9C59600C76890 /* HelloWorld.app */ = {isa = PBXFileReference; explicitFileType = wrapper.application; includeInIndex = 0; path = HelloWorld.app; sourceTree = BUILT_PRODUCTS_DIR; };
		CB47330D1BE9C59600C76890 /* Info.plist */ = {isa = PBXFileReference; lastKnownFileType = text.plist.xml; path = Info.plist; sourceTree = "<group>"; };
		CB47330E1BE9C59600C76890 /* AppDelegate.swift */ = {isa = PBXFileReference; lastKnownFileType = sourcecode.swift; path = AppDelegate.swift; sourceTree = "<group>"; };
		CB4733101BE9C59600C76890 /* ViewController.swift */ = {isa = PBXFileReference; lastKnownFileType = sourcecode.swift; path = ViewController.swift; sourceTree = "<group>"; };
		CB4733131BE9C59600C76890 /* Base */ = {isa = PBXFileReference; lastKnownFileType = file.storyboard; name = Base; path = Base.lproj/Main.storyboard; sourceTree = "<group>"; };
		CB4733151BE9C59600C76890 /* Images.xcassets */ = {isa = PBXFileReference; lastKnownFileType = folder.assetcatalog; path = Images.xcassets; sourceTree = "<group>"; };
		CB4733181BE9C59600C76890 /* Base */ = {isa = PBXFileReference; lastKnownFileType = file.xib; name = Base; path = Base.lproj/LaunchScreen.xib; sourceTree = "<group>"; };
		CB47331E1BE9C59600C76890 /* HelloWorldTests.xctest */ = {isa = PBXFileReference; explicitFileType = wrapper.cfbundle; includeInIndex = 0; path = HelloWorldTests.xctest; sourceTree = BUILT_PRODUCTS_DIR; };
		CB4733231BE9C59600C76890 /* Info.plist */ = {isa = PBXFileReference; lastKnownFileType = text.plist.xml; path = Info.plist; sourceTree = "<group>"; };
		CB4733241BE9C59600C76890 /* HelloWorldTests.swift */ = {isa = PBXFileReference; lastKnownFileType = sourcecode.swift; path = HelloWorldTests.swift; sourceTree = "<group>"; };
		CB4BEC351BF08F8A005829BD /* MyClass.swift */ = {isa = PBXFileReference; fileEncoding = 4; lastKnownFileType = sourcecode.swift; name = MyClass.swift; path = ../MyClass.swift; sourceTree = "<group>"; };
		CB98D3D21C152B050044DE12 /* Bank.swift */ = {isa = PBXFileReference; fileEncoding = 4; lastKnownFileType = sourcecode.swift; path = Bank.swift; sourceTree = "<group>"; };
		CB98D3D41C152DDF0044DE12 /* Human.swift */ = {isa = PBXFileReference; fileEncoding = 4; lastKnownFileType = sourcecode.swift; path = Human.swift; sourceTree = "<group>"; };
		CB98D3D61C15508D0044DE12 /* GameProtocol.swift */ = {isa = PBXFileReference; fileEncoding = 4; lastKnownFileType = sourcecode.swift; path = GameProtocol.swift; sourceTree = "<group>"; };
		CB98D3D81C1550C40044DE12 /* MyGame.swift */ = {isa = PBXFileReference; fileEncoding = 4; lastKnownFileType = sourcecode.swift; path = MyGame.swift; sourceTree = "<group>"; };
		CB98D3DA1C1553E40044DE12 /* GameBase.swift */ = {isa = PBXFileReference; fileEncoding = 4; lastKnownFileType = sourcecode.swift; path = GameBase.swift; sourceTree = "<group>"; };
		CB98D3DC1C1554810044DE12 /* ExtendGame.swift */ = {isa = PBXFileReference; fileEncoding = 4; lastKnownFileType = sourcecode.swift; path = ExtendGame.swift; sourceTree = "<group>"; };
		CB98D3E01C1556F50044DE12 /* ExMyClass.swift */ = {isa = PBXFileReference; fileEncoding = 4; lastKnownFileType = sourcecode.swift; name = ExMyClass.swift; path = ../ExMyClass.swift; sourceTree = "<group>"; };
		CB98D3E21C155F5F0044DE12 /* EnumSize.swift */ = {isa = PBXFileReference; fileEncoding = 4; lastKnownFileType = sourcecode.swift; path = EnumSize.swift; sourceTree = "<group>"; };
		CB98D3E41C15628B0044DE12 /* EnumPrize.swift */ = {isa = PBXFileReference; fileEncoding = 4; lastKnownFileType = sourcecode.swift; path = EnumPrize.swift; sourceTree = "<group>"; };
		CB98D3E61C1565520044DE12 /* EnumColor.swift */ = {isa = PBXFileReference; fileEncoding = 4; lastKnownFileType = sourcecode.swift; path = EnumColor.swift; sourceTree = "<group>"; };
		CB98D3E81C156B8A0044DE12 /* StructLine.swift */ = {isa = PBXFileReference; fileEncoding = 4; lastKnownFileType = sourcecode.swift; path = StructLine.swift; sourceTree = "<group>"; };
/* End PBXFileReference section */

/* Begin PBXFrameworksBuildPhase section */
		CB4733061BE9C59600C76890 /* Frameworks */ = {
			isa = PBXFrameworksBuildPhase;
			buildActionMask = 2147483647;
			files = (
			);
			runOnlyForDeploymentPostprocessing = 0;
		};
		CB47331B1BE9C59600C76890 /* Frameworks */ = {
			isa = PBXFrameworksBuildPhase;
			buildActionMask = 2147483647;
			files = (
			);
			runOnlyForDeploymentPostprocessing = 0;
		};
/* End PBXFrameworksBuildPhase section */

/* Begin PBXGroup section */
		CB4733001BE9C59600C76890 = {
			isa = PBXGroup;
			children = (
				CB47330B1BE9C59600C76890 /* HelloWorld */,
				CB4733211BE9C59600C76890 /* HelloWorldTests */,
				CB47330A1BE9C59600C76890 /* Products */,
			);
			sourceTree = "<group>";
		};
		CB47330A1BE9C59600C76890 /* Products */ = {
			isa = PBXGroup;
			children = (
				CB4733091BE9C59600C76890 /* HelloWorld.app */,
				CB47331E1BE9C59600C76890 /* HelloWorldTests.xctest */,
			);
			name = Products;
			sourceTree = "<group>";
		};
		CB47330B1BE9C59600C76890 /* HelloWorld */ = {
			isa = PBXGroup;
			children = (
				CB98D3E01C1556F50044DE12 /* ExMyClass.swift */,
				CB4BEC351BF08F8A005829BD /* MyClass.swift */,
				CB47330E1BE9C59600C76890 /* AppDelegate.swift */,
				CB4733101BE9C59600C76890 /* ViewController.swift */,
				CB98D3E81C156B8A0044DE12 /* StructLine.swift */,
				CB98D3E61C1565520044DE12 /* EnumColor.swift */,
				CB98D3D61C15508D0044DE12 /* GameProtocol.swift */,
				CB98D3D81C1550C40044DE12 /* MyGame.swift */,
				CB98D3DA1C1553E40044DE12 /* GameBase.swift */,
				CB98D3DC1C1554810044DE12 /* ExtendGame.swift */,
				CB98D3D41C152DDF0044DE12 /* Human.swift */,
				CB4733121BE9C59600C76890 /* Main.storyboard */,
				CB4733151BE9C59600C76890 /* Images.xcassets */,
				CB4733171BE9C59600C76890 /* LaunchScreen.xib */,
				CB47330C1BE9C59600C76890 /* Supporting Files */,
				CB335D151C1198DC0064F442 /* Circle.swift */,
				CB98D3D21C152B050044DE12 /* Bank.swift */,
				CB98D3E21C155F5F0044DE12 /* EnumSize.swift */,
				CB98D3E41C15628B0044DE12 /* EnumPrize.swift */,
				CB04A75E1C157C5200E1B242 /* StructStock.swift */,
			);
			path = HelloWorld;
			sourceTree = "<group>";
		};
		CB47330C1BE9C59600C76890 /* Supporting Files */ = {
			isa = PBXGroup;
			children = (
				CB47330D1BE9C59600C76890 /* Info.plist */,
			);
			name = "Supporting Files";
			sourceTree = "<group>";
		};
		CB4733211BE9C59600C76890 /* HelloWorldTests */ = {
			isa = PBXGroup;
			children = (
				CB4733241BE9C59600C76890 /* HelloWorldTests.swift */,
				CB4733221BE9C59600C76890 /* Supporting Files */,
			);
			path = HelloWorldTests;
			sourceTree = "<group>";
		};
		CB4733221BE9C59600C76890 /* Supporting Files */ = {
			isa = PBXGroup;
			children = (
				CB4733231BE9C59600C76890 /* Info.plist */,
			);
			name = "Supporting Files";
			sourceTree = "<group>";
		};
/* End PBXGroup section */

/* Begin PBXNativeTarget section */
		CB4733081BE9C59600C76890 /* HelloWorld */ = {
			isa = PBXNativeTarget;
			buildConfigurationList = CB4733281BE9C59600C76890 /* Build configuration list for PBXNativeTarget "HelloWorld" */;
			buildPhases = (
				CB4733051BE9C59600C76890 /* Sources */,
				CB4733061BE9C59600C76890 /* Frameworks */,
				CB4733071BE9C59600C76890 /* Resources */,
			);
			buildRules = (
			);
			dependencies = (
			);
			name = HelloWorld;
			productName = HelloWorld;
			productReference = CB4733091BE9C59600C76890 /* HelloWorld.app */;
			productType = "com.apple.product-type.application";
		};
		CB47331D1BE9C59600C76890 /* HelloWorldTests */ = {
			isa = PBXNativeTarget;
			buildConfigurationList = CB47332B1BE9C59600C76890 /* Build configuration list for PBXNativeTarget "HelloWorldTests" */;
			buildPhases = (
				CB47331A1BE9C59600C76890 /* Sources */,
				CB47331B1BE9C59600C76890 /* Frameworks */,
				CB47331C1BE9C59600C76890 /* Resources */,
			);
			buildRules = (
			);
			dependencies = (
				CB4733201BE9C59600C76890 /* PBXTargetDependency */,
			);
			name = HelloWorldTests;
			productName = HelloWorldTests;
			productReference = CB47331E1BE9C59600C76890 /* HelloWorldTests.xctest */;
			productType = "com.apple.product-type.bundle.unit-test";
		};
/* End PBXNativeTarget section */

/* Begin PBXProject section */
		CB4733011BE9C59600C76890 /* Project object */ = {
			isa = PBXProject;
			attributes = {
				LastSwiftMigration = 0710;
				LastSwiftUpdateCheck = 0710;
				LastUpgradeCheck = 0710;
				ORGANIZATIONNAME = "Kazuhiko Kuroda";
				TargetAttributes = {
					CB4733081BE9C59600C76890 = {
						CreatedOnToolsVersion = 6.4;
					};
					CB47331D1BE9C59600C76890 = {
						CreatedOnToolsVersion = 6.4;
						TestTargetID = CB4733081BE9C59600C76890;
					};
				};
			};
			buildConfigurationList = CB4733041BE9C59600C76890 /* Build configuration list for PBXProject "HelloWorld" */;
			compatibilityVersion = "Xcode 3.2";
			developmentRegion = English;
			hasScannedForEncodings = 0;
			knownRegions = (
				en,
				Base,
			);
			mainGroup = CB4733001BE9C59600C76890;
			productRefGroup = CB47330A1BE9C59600C76890 /* Products */;
			projectDirPath = "";
			projectRoot = "";
			targets = (
				CB4733081BE9C59600C76890 /* HelloWorld */,
				CB47331D1BE9C59600C76890 /* HelloWorldTests */,
			);
		};
/* End PBXProject section */

/* Begin PBXResourcesBuildPhase section */
		CB4733071BE9C59600C76890 /* Resources */ = {
			isa = PBXResourcesBuildPhase;
			buildActionMask = 2147483647;
			files = (
				CB4733141BE9C59600C76890 /* Main.storyboard in Resources */,
				CB4733191BE9C59600C76890 /* LaunchScreen.xib in Resources */,
				CB4733161BE9C59600C76890 /* Images.xcassets in Resources */,
			);
			runOnlyForDeploymentPostprocessing = 0;
		};
		CB47331C1BE9C59600C76890 /* Resources */ = {
			isa = PBXResourcesBuildPhase;
			buildActionMask = 2147483647;
			files = (
			);
			runOnlyForDeploymentPostprocessing = 0;
		};
/* End PBXResourcesBuildPhase section */

/* Begin PBXSourcesBuildPhase section */
		CB4733051BE9C59600C76890 /* Sources */ = {
			isa = PBXSourcesBuildPhase;
			buildActionMask = 2147483647;
			files = (
				CB98D3E91C156B8A0044DE12 /* StructLine.swift in Sources */,
				CB4733111BE9C59600C76890 /* ViewController.swift in Sources */,
				CB98D3E11C1556F50044DE12 /* ExMyClass.swift in Sources */,
				CB98D3D51C152DDF0044DE12 /* Human.swift in Sources */,
				CB335D161C1198DC0064F442 /* Circle.swift in Sources */,
				CB04A75F1C157C5200E1B242 /* StructStock.swift in Sources */,
				CB98D3E51C15628B0044DE12 /* EnumPrize.swift in Sources */,
				CB98D3D31C152B050044DE12 /* Bank.swift in Sources */,
				CB98D3E71C1565520044DE12 /* EnumColor.swift in Sources */,
				CB47330F1BE9C59600C76890 /* AppDelegate.swift in Sources */,
				CB4BEC361BF08F8A005829BD /* MyClass.swift in Sources */,
				CB98D3D71C15508D0044DE12 /* GameProtocol.swift in Sources */,
				CB98D3DD1C1554810044DE12 /* ExtendGame.swift in Sources */,
				CB98D3E31C155F5F0044DE12 /* EnumSize.swift in Sources */,
				CB98D3D91C1550C40044DE12 /* MyGame.swift in Sources */,
				CB98D3DB1C1553E40044DE12 /* GameBase.swift in Sources */,
			);
			runOnlyForDeploymentPostprocessing = 0;
		};
		CB47331A1BE9C59600C76890 /* Sources */ = {
			isa = PBXSourcesBuildPhase;
			buildActionMask = 2147483647;
			files = (
				CB4733251BE9C59600C76890 /* HelloWorldTests.swift in Sources */,
			);
			runOnlyForDeploymentPostprocessing = 0;
		};
/* End PBXSourcesBuildPhase section */

/* Begin PBXTargetDependency section */
		CB4733201BE9C59600C76890 /* PBXTargetDependency */ = {
			isa = PBXTargetDependency;
			target = CB4733081BE9C59600C76890 /* HelloWorld */;
			targetProxy = CB47331F1BE9C59600C76890 /* PBXContainerItemProxy */;
		};
/* End PBXTargetDependency section */

/* Begin PBXVariantGroup section */
		CB4733121BE9C59600C76890 /* Main.storyboard */ = {
			isa = PBXVariantGroup;
			children = (
				CB4733131BE9C59600C76890 /* Base */,
			);
			name = Main.storyboard;
			sourceTree = "<group>";
		};
		CB4733171BE9C59600C76890 /* LaunchScreen.xib */ = {
			isa = PBXVariantGroup;
			children = (
				CB4733181BE9C59600C76890 /* Base */,
			);
			name = LaunchScreen.xib;
			sourceTree = "<group>";
		};
/* End PBXVariantGroup section */

/* Begin XCBuildConfiguration section */
		CB4733261BE9C59600C76890 /* Debug */ = {
			isa = XCBuildConfiguration;
			buildSettings = {
				ALWAYS_SEARCH_USER_PATHS = NO;
				CLANG_CXX_LANGUAGE_STANDARD = "gnu++0x";
				CLANG_CXX_LIBRARY = "libc++";
				CLANG_ENABLE_MODULES = YES;
				CLANG_ENABLE_OBJC_ARC = YES;
				CLANG_WARN_BOOL_CONVERSION = YES;
				CLANG_WARN_CONSTANT_CONVERSION = YES;
				CLANG_WARN_DIRECT_OBJC_ISA_USAGE = YES_ERROR;
				CLANG_WARN_EMPTY_BODY = YES;
				CLANG_WARN_ENUM_CONVERSION = YES;
				CLANG_WARN_INT_CONVERSION = YES;
				CLANG_WARN_OBJC_ROOT_CLASS = YES_ERROR;
				CLANG_WARN_UNREACHABLE_CODE = YES;
				CLANG_WARN__DUPLICATE_METHOD_MATCH = YES;
				"CODE_SIGN_IDENTITY[sdk=iphoneos*]" = "iPhone Developer";
				COPY_PHASE_STRIP = NO;
				DEBUG_INFORMATION_FORMAT = "dwarf-with-dsym";
				ENABLE_STRICT_OBJC_MSGSEND = YES;
				ENABLE_TESTABILITY = YES;
				GCC_C_LANGUAGE_STANDARD = gnu99;
				GCC_DYNAMIC_NO_PIC = NO;
				GCC_NO_COMMON_BLOCKS = YES;
				GCC_OPTIMIZATION_LEVEL = 0;
				GCC_PREPROCESSOR_DEFINITIONS = (
					"DEBUG=1",
					"$(inherited)",
				);
				GCC_SYMBOLS_PRIVATE_EXTERN = NO;
				GCC_WARN_64_TO_32_BIT_CONVERSION = YES;
				GCC_WARN_ABOUT_RETURN_TYPE = YES_ERROR;
				GCC_WARN_UNDECLARED_SELECTOR = YES;
				GCC_WARN_UNINITIALIZED_AUTOS = YES_AGGRESSIVE;
				GCC_WARN_UNUSED_FUNCTION = YES;
				GCC_WARN_UNUSED_VARIABLE = YES;
				IPHONEOS_DEPLOYMENT_TARGET = 8.4;
				MTL_ENABLE_DEBUG_INFO = YES;
				ONLY_ACTIVE_ARCH = YES;
				SDKROOT = iphoneos;
				SWIFT_OPTIMIZATION_LEVEL = "-Onone";
			};
			name = Debug;
		};
		CB4733271BE9C59600C76890 /* Release */ = {
			isa = XCBuildConfiguration;
			buildSettings = {
				ALWAYS_SEARCH_USER_PATHS = NO;
				CLANG_CXX_LANGUAGE_STANDARD = "gnu++0x";
				CLANG_CXX_LIBRARY = "libc++";
				CLANG_ENABLE_MODULES = YES;
				CLANG_ENABLE_OBJC_ARC = YES;
				CLANG_WARN_BOOL_CONVERSION = YES;
				CLANG_WARN_CONSTANT_CONVERSION = YES;
				CLANG_WARN_DIRECT_OBJC_ISA_USAGE = YES_ERROR;
				CLANG_WARN_EMPTY_BODY = YES;
				CLANG_WARN_ENUM_CONVERSION = YES;
				CLANG_WARN_INT_CONVERSION = YES;
				CLANG_WARN_OBJC_ROOT_CLASS = YES_ERROR;
				CLANG_WARN_UNREACHABLE_CODE = YES;
				CLANG_WARN__DUPLICATE_METHOD_MATCH = YES;
				"CODE_SIGN_IDENTITY[sdk=iphoneos*]" = "iPhone Developer";
				COPY_PHASE_STRIP = NO;
				DEBUG_INFORMATION_FORMAT = "dwarf-with-dsym";
				ENABLE_NS_ASSERTIONS = NO;
				ENABLE_STRICT_OBJC_MSGSEND = YES;
				GCC_C_LANGUAGE_STANDARD = gnu99;
				GCC_NO_COMMON_BLOCKS = YES;
				GCC_WARN_64_TO_32_BIT_CONVERSION = YES;
				GCC_WARN_ABOUT_RETURN_TYPE = YES_ERROR;
				GCC_WARN_UNDECLARED_SELECTOR = YES;
				GCC_WARN_UNINITIALIZED_AUTOS = YES_AGGRESSIVE;
				GCC_WARN_UNUSED_FUNCTION = YES;
				GCC_WARN_UNUSED_VARIABLE = YES;
				IPHONEOS_DEPLOYMENT_TARGET = 8.4;
				MTL_ENABLE_DEBUG_INFO = NO;
				SDKROOT = iphoneos;
				VALIDATE_PRODUCT = YES;
			};
			name = Release;
		};
		CB4733291BE9C59600C76890 /* Debug */ = {
			isa = XCBuildConfiguration;
			buildSettings = {
				ASSETCATALOG_COMPILER_APPICON_NAME = AppIcon;
				INFOPLIST_FILE = HelloWorld/Info.plist;
				LD_RUNPATH_SEARCH_PATHS = "$(inherited) @executable_path/Frameworks";
				PRODUCT_BUNDLE_IDENTIFIER = "hoge.kurom96.$(PRODUCT_NAME:rfc1034identifier)";
				PRODUCT_NAME = "$(TARGET_NAME)";
			};
			name = Debug;
		};
		CB47332A1BE9C59600C76890 /* Release */ = {
			isa = XCBuildConfiguration;
			buildSettings = {
				ASSETCATALOG_COMPILER_APPICON_NAME = AppIcon;
				INFOPLIST_FILE = HelloWorld/Info.plist;
				LD_RUNPATH_SEARCH_PATHS = "$(inherited) @executable_path/Frameworks";
				PRODUCT_BUNDLE_IDENTIFIER = "hoge.kurom96.$(PRODUCT_NAME:rfc1034identifier)";
				PRODUCT_NAME = "$(TARGET_NAME)";
			};
			name = Release;
		};
		CB47332C1BE9C59600C76890 /* Debug */ = {
			isa = XCBuildConfiguration;
			buildSettings = {
				BUNDLE_LOADER = "$(TEST_HOST)";
				FRAMEWORK_SEARCH_PATHS = "$(inherited)";
				GCC_PREPROCESSOR_DEFINITIONS = (
					"DEBUG=1",
					"$(inherited)",
				);
				INFOPLIST_FILE = HelloWorldTests/Info.plist;
				LD_RUNPATH_SEARCH_PATHS = "$(inherited) @executable_path/Frameworks @loader_path/Frameworks";
				PRODUCT_BUNDLE_IDENTIFIER = "hoge.kurom96.$(PRODUCT_NAME:rfc1034identifier)";
				PRODUCT_NAME = "$(TARGET_NAME)";
				TEST_HOST = "$(BUILT_PRODUCTS_DIR)/HelloWorld.app/HelloWorld";
			};
			name = Debug;
		};
		CB47332D1BE9C59600C76890 /* Release */ = {
			isa = XCBuildConfiguration;
			buildSettings = {
				BUNDLE_LOADER = "$(TEST_HOST)";
				FRAMEWORK_SEARCH_PATHS = "$(inherited)";
				INFOPLIST_FILE = HelloWorldTests/Info.plist;
				LD_RUNPATH_SEARCH_PATHS = "$(inherited) @executable_path/Frameworks @loader_path/Frameworks";
				PRODUCT_BUNDLE_IDENTIFIER = "hoge.kurom96.$(PRODUCT_NAME:rfc1034identifier)";
				PRODUCT_NAME = "$(TARGET_NAME)";
				TEST_HOST = "$(BUILT_PRODUCTS_DIR)/HelloWorld.app/HelloWorld";
			};
			name = Release;
		};
/* End XCBuildConfiguration section */

/* Begin XCConfigurationList section */
		CB4733041BE9C59600C76890 /* Build configuration list for PBXProject "HelloWorld" */ = {
			isa = XCConfigurationList;
			buildConfigurations = (
				CB4733261BE9C59600C76890 /* Debug */,
				CB4733271BE9C59600C76890 /* Release */,
			);
			defaultConfigurationIsVisible = 0;
			defaultConfigurationName = Release;
		};
		CB4733281BE9C59600C76890 /* Build configuration list for PBXNativeTarget "HelloWorld" */ = {
			isa = XCConfigurationList;
			buildConfigurations = (
				CB4733291BE9C59600C76890 /* Debug */,
				CB47332A1BE9C59600C76890 /* Release */,
			);
			defaultConfigurationIsVisible = 0;
			defaultConfigurationName = Release;
		};
		CB47332B1BE9C59600C76890 /* Build configuration list for PBXNativeTarget "HelloWorldTests" */ = {
			isa = XCConfigurationList;
			buildConfigurations = (
				CB47332C1BE9C59600C76890 /* Debug */,
				CB47332D1BE9C59600C76890 /* Release */,
			);
			defaultConfigurationIsVisible = 0;
			defaultConfigurationName = Release;
		};
/* End XCConfigurationList section */
	};
	rootObject = CB4733011BE9C59600C76890 /* Project object */;
}
